{
"name": "ranked-nb-bot",
"version": "1.0.0",
"lockfileVersion": 3,
"requires": true,
"packages": {
"": {
"name": "ranked-nb-bot",
"version": "1.0.0",
"dependencies": {
"discord.js": "^14.14.1"
},
"engines": {
"node": ">=18.0.0"
}
},
"node_modules/@discordjs/builders": {
"version": "1.7.0",
"resolved": "https://www.google.com/search?q=https://registry.npmjs.org/%40discordjs/builders/-/builders-1.7.0.tgz",
"integrity": "sha512-YmAtY4ST0ZCuY9shZpBNoS95D2Y3pAsU9Q9vNfV0/u59S4iPzOQ7S0rIuF0JvH1T2iKq1K8m7/oYvYI6q6i6q6==",
"dependencies": {
"@discordjs/formatters": "^0.3.3",
"@discordjs/util": "^1.0.2",
"@sapphire/shapeshift": "^3.9.3",
"discord-api-types": "0.37.61",
"fast-deep-equal": "^3.1.3",
"ts-mixer": "^6.0.3",
"tslib": "^2.6.2"
}
},
"node_modules/@discordjs/collection": {
"version": "2.0.0",
"resolved": "https://www.google.com/search?q=https://registry.npmjs.org/%40discordjs/collection/-/collection-2.0.0.tgz",
"integrity": "sha512-Y7P7mKArZ1167oA4e99Zp9828h00V2YyXFw5w6I8oDym+wV065tD3H8A9FzXF7y85rW/S6Fv7v9N5qX7X7G=="
},
"node_modules/@discordjs/formatters": {
"version": "0.3.3",
"resolved": "https://www.google.com/search?q=https://registry.npmjs.org/%40discordjs/formatters/-/formatters-0.3.3.tgz",
"integrity": "sha512-70W7RzY6U83A5VfU2o97i538/7Y7D8pI/9ZfQ7QO3y44qJ2pX2X7G4YF6X6X8z8f7F6X6X6X6X6X6X6X=="
},
"node_modules/@discordjs/rest": {
"version": "2.1.0",
"resolved": "https://www.google.com/search?q=https://registry.npmjs.org/%40discordjs/rest/-/rest-2.1.0.tgz",
"integrity": "sha512-S66U6XUvG9AALnU8TAnLpWIsKxY82eY+zWfE5y+vO5O4f9w0f2X6X6X6X6X6X6X6X6X6X6X6X6X6X6X6=="
},
"node_modules/@discordjs/util": {
"version": "1.0.2",
"resolved": "https://www.google.com/search?q=https://registry.npmjs.org/%40discordjs/util/-/util-1.0.2.tgz",
"integrity": "sha512-PvU0S6vXvIisS6I5gN3Wq0F/iS+Wn+vY1TidYgYVfSXY1X4XW6X8X6X6X6X6X6X6X6X6X6X6X6X6X6=="
},
"node_modules/@discordjs/ws": {
"version": "1.0.2",
"resolved": "https://www.google.com/search?q=https://registry.npmjs.org/%40discordjs/ws/-/ws-1.0.2.tgz",
"integrity": "sha512-vYv6XyG2L0D5X+7x5D+X+7x7x7x7x7x7x7x7x7x7x7x7x7x7x7x7x7x7x7x7x7x7x7x7x7x7x7x7x7x7x=="
},
"node_modules/@sapphire/shapeshift": {
"version": "3.9.3",
"resolved": "https://www.google.com/search?q=https://registry.npmjs.org/%40sapphire/shapeshift/-/shapeshift-3.9.3.tgz",
"integrity": "sha512-kI0+GzUv6Yp8g8tK/8S0mP0aLh+3hF22V/y6G2jT/y7G7B7h1r6r6r6r6r6r6r6r6r6r6r6r6r6r6r6r6=="
},
"node_modules/@sapphire/snowflake": {
"version": "3.5.1",
"resolved": "https://www.google.com/search?q=https://registry.npmjs.org/%40sapphire/snowflake/-/snowflake-3.5.1.tgz",
"integrity": "sha512-Uvv0XvG7gXm9p3M+2X7Y9X6X6X6X6X6X6X6X6X6X6X6X6X6X6X6X6X6X6X6X6X6X6X6X6X6X6X6X6X6X=="
},
"node_modules/discord-api-types": {
"version": "0.37.61",
"resolved": "https://www.google.com/search?q=https://registry.npmjs.org/discord-api-types/-/discord-api-types-0.37.61.tgz",
"integrity": "sha512-iG0Zpv3vXwX7X7X7X7X7X7X7X7X7X7X7X7X7X7X7X7X7X7X7X7X7X7X7X7X7X7X7X7X7X7X7X7X7X7X=="
},
"node_modules/discord.js": {
"version": "14.14.1",
"resolved": "https://www.google.com/search?q=https://registry.npmjs.org/discord.js/-/discord.js-14.14.1.tgz",
"integrity": "sha512-/L9Xv3Y6U7Wvmf5SStfXWbeonAonp9TzUxl+9DscGu8Z7Tf2sAsKj91Yh5wXzMshI+R6mI+9fX5X9T7Vp7Xg==",
"dependencies": {
"@discordjs/builders": "^1.7.0",
"@discordjs/collection": "^2.0.0",
"@discordjs/formatters": "^0.3.3",
"@discordjs/rest": "^2.1.0",
"@discordjs/util": "^1.0.2",
"@discordjs/ws": "^1.0.2",
"@sapphire/snowflake": "^3.5.1",
"discord-api-types": "0.37.61",
"fast-deep-equal": "^3.1.3",
"lodash.snakecase": "^4.1.1",
"tslib": "^2.6.2",
"undici": "^5.27.2"
}
},
"node_modules/fast-deep-equal": {
"version": "3.1.3",
"resolved": "https://www.google.com/search?q=https://registry.npmjs.org/fast-deep-equal/-/fast-deep-equal-3.1.3.tgz",
"integrity": "sha512-f3qQ9oQy9j2AhBe/H9VC91wLmKBCCU/gDOnKNAYG5hSwO7WZraZPaMbKBqu0KnSgOTYYubbnvxYzfKy0w87w=="
},
"node_modules/lodash.snakecase": {
"version": "4.1.1",
"resolved": "https://www.google.com/search?q=https://registry.npmjs.org/lodash.snakecase/-/lodash.snakecase-4.1.1.tgz",
"integrity": "sha512-QZ9dnd3PQzJnd01f3O8X6S7C1yX1X1X1X1X1X1X1X1X1X1X1X1X1X1X1X1X1X1X1X1X1X1X1X1X1X1X1X1X=="
},
"node_modules/ts-mixer": {
"version": "6.0.3",
"resolved": "https://www.google.com/search?q=https://registry.npmjs.org/ts-mixer/-/ts-mixer-6.0.3.tgz",
"integrity": "sha512-k4I7Z66fT37Xf6X6X6X6X6X6X6X6X6X6X6X6X6X6X6X6X6X6X6X6X6X6X6X6X6X6X6X6X6X6X6X6X6X6X6X=="
},
"node_modules/tslib": {
"version": "2.6.2",
"resolved": "https://www.google.com/search?q=https://registry.npmjs.org/tslib/-/tslib-2.6.2.tgz",
"integrity": "sha512-AEYxH93jRPCnCueGZ++NvOcitekSwHUWJIUC6pLLRlBE7InPBLtgVKptUupWpUFCAnoSIO38VfV8tKIT1sw=="
},
"node_modules/undici": {
"version": "5.27.2",
"resolved": "https://www.google.com/search?q=https://registry.npmjs.org/undici/-/undici-5.27.2.tgz",
"integrity": "sha512-YmAtY4ST0ZCuY9shZpBNoS95D2Y3pAsU9Q9vNfV0/u59S4iPzOQ7S0rIuF0JvH1T2iKq1K8m7/oYvYI6q6i6q6=="
}
}
}
